<Solution>
  <Project Path="src/Services/frontend/frontend.esproj">
    <Build />
  </Project>
  <Project Path="src/Hiberus.Industria.Templates.Aspire.React.AppHost/Hiberus.Industria.Templates.Aspire.React.AppHost.csproj" />
  <Project Path="src/Services/Hiberus.Industria.Templates.Aspire.React.Server/Hiberus.Industria.Templates.Aspire.React.Server.csproj" />
</Solution>
